
Microsoft Visual Studio Solution File, Format Version 12.00
# Visual Studio Version 16
VisualStudioVersion = 16.0.29102.190
MinimumVisualStudioVersion = 10.0.40219.1
Project("{FAE04EC0-301F-11D3-BF4B-00C04F79EFBC}") = "Con_Test", "Con_Test.csproj", "{7BDCC7DF-05B9-454F-9DF5-BE33265ADF43}"
EndProject
Global
	GlobalSection(SolutionConfigurationPlatforms) = preSolution
		Debug|Any CPU = Debug|Any CPU
		Release|Any CPU = Release|Any CPU
	EndGlobalSection
	GlobalSection(ProjectConfigurationPlatforms) = postSolution
		{7BDCC7DF-05B9-454F-9DF5-BE33265ADF43}.Debug|Any CPU.ActiveCfg = Debug|Any CPU
		{7BDCC7DF-05B9-454F-9DF5-BE33265ADF43}.Debug|Any CPU.Build.0 = Debug|Any CPU
		{7BDCC7DF-05B9-454F-9DF5-BE33265ADF43}.Release|Any CPU.ActiveCfg = Release|Any CPU
		{7BDCC7DF-05B9-454F-9DF5-BE33265ADF43}.Release|Any CPU.Build.0 = Release|Any CPU
	EndGlobalSection
	GlobalSection(SolutionProperties) = preSolution
		HideSolutionNode = FALSE
	EndGlobalSection
	GlobalSection(ExtensibilityGlobals) = postSolution
		SolutionGuid = {D45BC428-72B9-4B91-A42C-E56F374336D5}
	EndGlobalSection
EndGlobal
