
Microsoft Visual Studio Solution File, Format Version 12.00
# Visual Studio Version 16
VisualStudioVersion = 16.0.28922.388
MinimumVisualStudioVersion = 10.0.40219.1
Project("{FAE04EC0-301F-11D3-BF4B-00C04F79EFBC}") = "Lab4", "Lab4.csproj", "{653F1F29-9BAA-4634-AC2E-60A910D53D52}"
EndProject
Global
	GlobalSection(SolutionConfigurationPlatforms) = preSolution
		Debug|Any CPU = Debug|Any CPU
		Release|Any CPU = Release|Any CPU
	EndGlobalSection
	GlobalSection(ProjectConfigurationPlatforms) = postSolution
		{653F1F29-9BAA-4634-AC2E-60A910D53D52}.Debug|Any CPU.ActiveCfg = Debug|Any CPU
		{653F1F29-9BAA-4634-AC2E-60A910D53D52}.Debug|Any CPU.Build.0 = Debug|Any CPU
		{653F1F29-9BAA-4634-AC2E-60A910D53D52}.Release|Any CPU.ActiveCfg = Release|Any CPU
		{653F1F29-9BAA-4634-AC2E-60A910D53D52}.Release|Any CPU.Build.0 = Release|Any CPU
	EndGlobalSection
	GlobalSection(SolutionProperties) = preSolution
		HideSolutionNode = FALSE
	EndGlobalSection
	GlobalSection(ExtensibilityGlobals) = postSolution
		SolutionGuid = {F82CD300-E443-47C5-A696-EFFB4FE5B282}
	EndGlobalSection
EndGlobal
