
Microsoft Visual Studio Solution File, Format Version 12.00
# Visual Studio Version 16
VisualStudioVersion = 16.0.28917.181
MinimumVisualStudioVersion = 10.0.40219.1
Project("{FAE04EC0-301F-11D3-BF4B-00C04F79EFBC}") = "Lab3", "Lab3.csproj", "{5E638C2F-591F-42C0-9A18-85959D5F9002}"
EndProject
Global
	GlobalSection(SolutionConfigurationPlatforms) = preSolution
		Debug|Any CPU = Debug|Any CPU
		Release|Any CPU = Release|Any CPU
	EndGlobalSection
	GlobalSection(ProjectConfigurationPlatforms) = postSolution
		{5E638C2F-591F-42C0-9A18-85959D5F9002}.Debug|Any CPU.ActiveCfg = Debug|Any CPU
		{5E638C2F-591F-42C0-9A18-85959D5F9002}.Debug|Any CPU.Build.0 = Debug|Any CPU
		{5E638C2F-591F-42C0-9A18-85959D5F9002}.Release|Any CPU.ActiveCfg = Release|Any CPU
		{5E638C2F-591F-42C0-9A18-85959D5F9002}.Release|Any CPU.Build.0 = Release|Any CPU
	EndGlobalSection
	GlobalSection(SolutionProperties) = preSolution
		HideSolutionNode = FALSE
	EndGlobalSection
	GlobalSection(ExtensibilityGlobals) = postSolution
		SolutionGuid = {BB368671-1C7F-4445-8981-0DE348E0AD91}
	EndGlobalSection
EndGlobal
